// !$*UTF8*$!
{
	archiveVersion = 1;
	classes = {
	};
	objectVersion = 56;
	objects = {

/* Begin PBXBuildFile section */
		B78235A029AC737D00AB8DA2 /* SwiftOpenCVApp.swift in Sources */ = {isa = PBXBuildFile; fileRef = B782359F29AC737D00AB8DA2 /* SwiftOpenCVApp.swift */; };
		B78235A229AC737D00AB8DA2 /* ContentView.swift in Sources */ = {isa = PBXBuildFile; fileRef = B78235A129AC737D00AB8DA2 /* ContentView.swift */; };
		B78235A429AC737E00AB8DA2 /* Assets.xcassets in Resources */ = {isa = PBXBuildFile; fileRef = B78235A329AC737E00AB8DA2 /* Assets.xcassets */; };
		B78235A829AC737E00AB8DA2 /* Preview Assets.xcassets in Resources */ = {isa = PBXBuildFile; fileRef = B78235A729AC737E00AB8DA2 /* Preview Assets.xcassets */; };
		B78235B229AC737F00AB8DA2 /* SwiftOpenCVTests.swift in Sources */ = {isa = PBXBuildFile; fileRef = B78235B129AC737F00AB8DA2 /* SwiftOpenCVTests.swift */; };
		B78235BC29AC737F00AB8DA2 /* SwiftOpenCVUITests.swift in Sources */ = {isa = PBXBuildFile; fileRef = B78235BB29AC737F00AB8DA2 /* SwiftOpenCVUITests.swift */; };
		B78235BE29AC737F00AB8DA2 /* SwiftOpenCVUITestsLaunchTests.swift in Sources */ = {isa = PBXBuildFile; fileRef = B78235BD29AC737F00AB8DA2 /* SwiftOpenCVUITestsLaunchTests.swift */; };
		B79C294B29AC893500882439 /* CGImage+CVMat.swift in Sources */ = {isa = PBXBuildFile; fileRef = B79C294A29AC893500882439 /* CGImage+CVMat.swift */; };
		B79C295129AC9B0600882439 /* CGImageView.swift in Sources */ = {isa = PBXBuildFile; fileRef = B79C295029AC9B0600882439 /* CGImageView.swift */; };
		B79C295329AC9BA100882439 /* OpenCVCameraViewModel.swift in Sources */ = {isa = PBXBuildFile; fileRef = B79C295229AC9BA100882439 /* OpenCVCameraViewModel.swift */; };
		B7FC63E729ACAD190056476B /* CGImageViewModel.swift in Sources */ = {isa = PBXBuildFile; fileRef = B7FC63E629ACAD190056476B /* CGImageViewModel.swift */; };
		B7FC640129ACBBBB0056476B /* libopencv_text.a in Frameworks */ = {isa = PBXBuildFile; fileRef = B78235D229AC7F7700AB8DA2 /* libopencv_text.a */; };
		B7FC640229ACBBBB0056476B /* libopencv_video.a in Frameworks */ = {isa = PBXBuildFile; fileRef = B78235F729AC7F7D00AB8DA2 /* libopencv_video.a */; };
		B7FC640329ACBBBB0056476B /* libopencv_videoio.a in Frameworks */ = {isa = PBXBuildFile; fileRef = B78235F929AC7F7E00AB8DA2 /* libopencv_videoio.a */; };
		B7FC640429ACBBBB0056476B /* libopencv_imgcodecs.a in Frameworks */ = {isa = PBXBuildFile; fileRef = B78235F429AC7F7D00AB8DA2 /* libopencv_imgcodecs.a */; };
		B7FC640529ACBBBC0056476B /* libopencv_imgproc.a in Frameworks */ = {isa = PBXBuildFile; fileRef = B78235FC29AC7F7F00AB8DA2 /* libopencv_imgproc.a */; };
		B7FC640629ACBBBC0056476B /* libopencv_highgui.a in Frameworks */ = {isa = PBXBuildFile; fileRef = B78235D729AC7F7800AB8DA2 /* libopencv_highgui.a */; };
		B7FC640729ACBBBC0056476B /* libopencv_core.a in Frameworks */ = {isa = PBXBuildFile; fileRef = B782360229AC7F8000AB8DA2 /* libopencv_core.a */; };
		B7FC640929ACBF010056476B /* OpenCVWrapper.cpp in Sources */ = {isa = PBXBuildFile; fileRef = B7FC640829ACBF010056476B /* OpenCVWrapper.cpp */; };
		B7FC640B29ACF68C0056476B /* OpenCVMediaViewModel.swift in Sources */ = {isa = PBXBuildFile; fileRef = B7FC640A29ACF68C0056476B /* OpenCVMediaViewModel.swift */; };
		B7FC640E29ADDBC60056476B /* libc++.tbd in Frameworks */ = {isa = PBXBuildFile; fileRef = B7FC640C29ADDBBF0056476B /* libc++.tbd */; };
		B7FC640F29ADDBC60056476B /* libc++abi.tbd in Frameworks */ = {isa = PBXBuildFile; fileRef = B7FC640D29ADDBBF0056476B /* libc++abi.tbd */; };
		B7FC641129ADDBDC0056476B /* libc.tbd in Frameworks */ = {isa = PBXBuildFile; fileRef = B7FC641029ADDBD70056476B /* libc.tbd */; };
/* End PBXBuildFile section */

/* Begin PBXContainerItemProxy section */
		B78235AE29AC737F00AB8DA2 /* PBXContainerItemProxy */ = {
			isa = PBXContainerItemProxy;
			containerPortal = B782359429AC737D00AB8DA2 /* Project object */;
			proxyType = 1;
			remoteGlobalIDString = B782359B29AC737D00AB8DA2;
			remoteInfo = SwiftOpenCV;
		};
		B78235B829AC737F00AB8DA2 /* PBXContainerItemProxy */ = {
			isa = PBXContainerItemProxy;
			containerPortal = B782359429AC737D00AB8DA2 /* Project object */;
			proxyType = 1;
			remoteGlobalIDString = B782359B29AC737D00AB8DA2;
			remoteInfo = SwiftOpenCV;
		};
/* End PBXContainerItemProxy section */

/* Begin PBXFileReference section */
		B782359C29AC737D00AB8DA2 /* SwiftOpenCV.app */ = {isa = PBXFileReference; explicitFileType = wrapper.application; includeInIndex = 0; path = SwiftOpenCV.app; sourceTree = BUILT_PRODUCTS_DIR; };
		B782359F29AC737D00AB8DA2 /* SwiftOpenCVApp.swift */ = {isa = PBXFileReference; lastKnownFileType = sourcecode.swift; path = SwiftOpenCVApp.swift; sourceTree = "<group>"; };
		B78235A129AC737D00AB8DA2 /* ContentView.swift */ = {isa = PBXFileReference; lastKnownFileType = sourcecode.swift; path = ContentView.swift; sourceTree = "<group>"; };
		B78235A329AC737E00AB8DA2 /* Assets.xcassets */ = {isa = PBXFileReference; lastKnownFileType = folder.assetcatalog; path = Assets.xcassets; sourceTree = "<group>"; };
		B78235A529AC737E00AB8DA2 /* SwiftOpenCV.entitlements */ = {isa = PBXFileReference; lastKnownFileType = text.plist.entitlements; path = SwiftOpenCV.entitlements; sourceTree = "<group>"; };
		B78235A729AC737E00AB8DA2 /* Preview Assets.xcassets */ = {isa = PBXFileReference; lastKnownFileType = folder.assetcatalog; path = "Preview Assets.xcassets"; sourceTree = "<group>"; };
		B78235AD29AC737F00AB8DA2 /* SwiftOpenCVTests.xctest */ = {isa = PBXFileReference; explicitFileType = wrapper.cfbundle; includeInIndex = 0; path = SwiftOpenCVTests.xctest; sourceTree = BUILT_PRODUCTS_DIR; };
		B78235B129AC737F00AB8DA2 /* SwiftOpenCVTests.swift */ = {isa = PBXFileReference; lastKnownFileType = sourcecode.swift; path = SwiftOpenCVTests.swift; sourceTree = "<group>"; };
		B78235B729AC737F00AB8DA2 /* SwiftOpenCVUITests.xctest */ = {isa = PBXFileReference; explicitFileType = wrapper.cfbundle; includeInIndex = 0; path = SwiftOpenCVUITests.xctest; sourceTree = BUILT_PRODUCTS_DIR; };
		B78235BB29AC737F00AB8DA2 /* SwiftOpenCVUITests.swift */ = {isa = PBXFileReference; lastKnownFileType = sourcecode.swift; path = SwiftOpenCVUITests.swift; sourceTree = "<group>"; };
		B78235BD29AC737F00AB8DA2 /* SwiftOpenCVUITestsLaunchTests.swift */ = {isa = PBXFileReference; lastKnownFileType = sourcecode.swift; path = SwiftOpenCVUITestsLaunchTests.swift; sourceTree = "<group>"; };
		B78235CD29AC73BC00AB8DA2 /* OpenCVWrapper.hpp */ = {isa = PBXFileReference; lastKnownFileType = sourcecode.cpp.h; path = OpenCVWrapper.hpp; sourceTree = "<group>"; };
		B78235CF29AC742B00AB8DA2 /* module.modulemap */ = {isa = PBXFileReference; lastKnownFileType = "sourcecode.module-map"; path = module.modulemap; sourceTree = "<group>"; };
		B78235D129AC7F7700AB8DA2 /* libopencv_fuzzy.a */ = {isa = PBXFileReference; lastKnownFileType = archive.ar; name = libopencv_fuzzy.a; path = ../../../../opt/homebrew/Cellar/opencv/4.7.0/lib/static/libopencv_fuzzy.a; sourceTree = "<group>"; };
		B78235D229AC7F7700AB8DA2 /* libopencv_text.a */ = {isa = PBXFileReference; lastKnownFileType = archive.ar; name = libopencv_text.a; path = ../../../../opt/homebrew/Cellar/opencv/4.7.0/lib/static/libopencv_text.a; sourceTree = "<group>"; };
		B78235D329AC7F7700AB8DA2 /* libopencv_dnn_superres.a */ = {isa = PBXFileReference; lastKnownFileType = archive.ar; name = libopencv_dnn_superres.a; path = ../../../../opt/homebrew/Cellar/opencv/4.7.0/lib/static/libopencv_dnn_superres.a; sourceTree = "<group>"; };
		B78235D429AC7F7700AB8DA2 /* libopencv_photo.a */ = {isa = PBXFileReference; lastKnownFileType = archive.ar; name = libopencv_photo.a; path = ../../../../opt/homebrew/Cellar/opencv/4.7.0/lib/static/libopencv_photo.a; sourceTree = "<group>"; };
		B78235D529AC7F7800AB8DA2 /* libopencv_gapi.a */ = {isa = PBXFileReference; lastKnownFileType = archive.ar; name = libopencv_gapi.a; path = ../../../../opt/homebrew/Cellar/opencv/4.7.0/lib/static/libopencv_gapi.a; sourceTree = "<group>"; };
		B78235D629AC7F7800AB8DA2 /* libopencv_face.a */ = {isa = PBXFileReference; lastKnownFileType = archive.ar; name = libopencv_face.a; path = ../../../../opt/homebrew/Cellar/opencv/4.7.0/lib/static/libopencv_face.a; sourceTree = "<group>"; };
		B78235D729AC7F7800AB8DA2 /* libopencv_highgui.a */ = {isa = PBXFileReference; lastKnownFileType = archive.ar; name = libopencv_highgui.a; path = ../../../../opt/homebrew/Cellar/opencv/4.7.0/lib/static/libopencv_highgui.a; sourceTree = "<group>"; };
		B78235D829AC7F7800AB8DA2 /* libopencv_rapid.a */ = {isa = PBXFileReference; lastKnownFileType = archive.ar; name = libopencv_rapid.a; path = ../../../../opt/homebrew/Cellar/opencv/4.7.0/lib/static/libopencv_rapid.a; sourceTree = "<group>"; };
		B78235D929AC7F7800AB8DA2 /* libcorrespondence.a */ = {isa = PBXFileReference; lastKnownFileType = archive.ar; name = libcorrespondence.a; path = ../../../../opt/homebrew/Cellar/opencv/4.7.0/lib/static/libcorrespondence.a; sourceTree = "<group>"; };
		B78235DA29AC7F7800AB8DA2 /* libopencv_plot.a */ = {isa = PBXFileReference; lastKnownFileType = archive.ar; name = libopencv_plot.a; path = ../../../../opt/homebrew/Cellar/opencv/4.7.0/lib/static/libopencv_plot.a; sourceTree = "<group>"; };
		B78235DB29AC7F7900AB8DA2 /* libopencv_xobjdetect.a */ = {isa = PBXFileReference; lastKnownFileType = archive.ar; name = libopencv_xobjdetect.a; path = ../../../../opt/homebrew/Cellar/opencv/4.7.0/lib/static/libopencv_xobjdetect.a; sourceTree = "<group>"; };
		B78235DC29AC7F7900AB8DA2 /* libopencv_freetype.a */ = {isa = PBXFileReference; lastKnownFileType = archive.ar; name = libopencv_freetype.a; path = ../../../../opt/homebrew/Cellar/opencv/4.7.0/lib/static/libopencv_freetype.a; sourceTree = "<group>"; };
		B78235DD29AC7F7900AB8DA2 /* libopencv_datasets.a */ = {isa = PBXFileReference; lastKnownFileType = archive.ar; name = libopencv_datasets.a; path = ../../../../opt/homebrew/Cellar/opencv/4.7.0/lib/static/libopencv_datasets.a; sourceTree = "<group>"; };
		B78235DE29AC7F7900AB8DA2 /* libopencv_ml.a */ = {isa = PBXFileReference; lastKnownFileType = archive.ar; name = libopencv_ml.a; path = ../../../../opt/homebrew/Cellar/opencv/4.7.0/lib/static/libopencv_ml.a; sourceTree = "<group>"; };
		B78235DF29AC7F7900AB8DA2 /* libopencv_intensity_transform.a */ = {isa = PBXFileReference; lastKnownFileType = archive.ar; name = libopencv_intensity_transform.a; path = ../../../../opt/homebrew/Cellar/opencv/4.7.0/lib/static/libopencv_intensity_transform.a; sourceTree = "<group>"; };
		B78235E029AC7F7900AB8DA2 /* libopencv_wechat_qrcode.a */ = {isa = PBXFileReference; lastKnownFileType = archive.ar; name = libopencv_wechat_qrcode.a; path = ../../../../opt/homebrew/Cellar/opencv/4.7.0/lib/static/libopencv_wechat_qrcode.a; sourceTree = "<group>"; };
		B78235E129AC7F7A00AB8DA2 /* libopencv_ximgproc.a */ = {isa = PBXFileReference; lastKnownFileType = archive.ar; name = libopencv_ximgproc.a; path = ../../../../opt/homebrew/Cellar/opencv/4.7.0/lib/static/libopencv_ximgproc.a; sourceTree = "<group>"; };
		B78235E229AC7F7A00AB8DA2 /* libopencv_dpm.a */ = {isa = PBXFileReference; lastKnownFileType = archive.ar; name = libopencv_dpm.a; path = ../../../../opt/homebrew/Cellar/opencv/4.7.0/lib/static/libopencv_dpm.a; sourceTree = "<group>"; };
		B78235E329AC7F7A00AB8DA2 /* libopencv_ccalib.a */ = {isa = PBXFileReference; lastKnownFileType = archive.ar; name = libopencv_ccalib.a; path = ../../../../opt/homebrew/Cellar/opencv/4.7.0/lib/static/libopencv_ccalib.a; sourceTree = "<group>"; };
		B78235E429AC7F7A00AB8DA2 /* libopencv_bgsegm.a */ = {isa = PBXFileReference; lastKnownFileType = archive.ar; name = libopencv_bgsegm.a; path = ../../../../opt/homebrew/Cellar/opencv/4.7.0/lib/static/libopencv_bgsegm.a; sourceTree = "<group>"; };
		B78235E529AC7F7A00AB8DA2 /* libopencv_optflow.a */ = {isa = PBXFileReference; lastKnownFileType = archive.ar; name = libopencv_optflow.a; path = ../../../../opt/homebrew/Cellar/opencv/4.7.0/lib/static/libopencv_optflow.a; sourceTree = "<group>"; };
		B78235E629AC7F7A00AB8DA2 /* libnumeric.a */ = {isa = PBXFileReference; lastKnownFileType = archive.ar; name = libnumeric.a; path = ../../../../opt/homebrew/Cellar/opencv/4.7.0/lib/static/libnumeric.a; sourceTree = "<group>"; };
		B78235E729AC7F7B00AB8DA2 /* libopencv_xphoto.a */ = {isa = PBXFileReference; lastKnownFileType = archive.ar; name = libopencv_xphoto.a; path = ../../../../opt/homebrew/Cellar/opencv/4.7.0/lib/static/libopencv_xphoto.a; sourceTree = "<group>"; };
		B78235E829AC7F7B00AB8DA2 /* libopencv_dnn.a */ = {isa = PBXFileReference; lastKnownFileType = archive.ar; name = libopencv_dnn.a; path = ../../../../opt/homebrew/Cellar/opencv/4.7.0/lib/static/libopencv_dnn.a; sourceTree = "<group>"; };
		B78235E929AC7F7B00AB8DA2 /* libopencv_stitching.a */ = {isa = PBXFileReference; lastKnownFileType = archive.ar; name = libopencv_stitching.a; path = ../../../../opt/homebrew/Cellar/opencv/4.7.0/lib/static/libopencv_stitching.a; sourceTree = "<group>"; };
		B78235EA29AC7F7B00AB8DA2 /* libopencv_tracking.a */ = {isa = PBXFileReference; lastKnownFileType = archive.ar; name = libopencv_tracking.a; path = ../../../../opt/homebrew/Cellar/opencv/4.7.0/lib/static/libopencv_tracking.a; sourceTree = "<group>"; };
		B78235EB29AC7F7B00AB8DA2 /* libopencv_phase_unwrapping.a */ = {isa = PBXFileReference; lastKnownFileType = archive.ar; name = libopencv_phase_unwrapping.a; path = ../../../../opt/homebrew/Cellar/opencv/4.7.0/lib/static/libopencv_phase_unwrapping.a; sourceTree = "<group>"; };
		B78235EC29AC7F7C00AB8DA2 /* libsimple_pipeline.a */ = {isa = PBXFileReference; lastKnownFileType = archive.ar; name = libsimple_pipeline.a; path = ../../../../opt/homebrew/Cellar/opencv/4.7.0/lib/static/libsimple_pipeline.a; sourceTree = "<group>"; };
		B78235ED29AC7F7C00AB8DA2 /* libopencv_xfeatures2d.a */ = {isa = PBXFileReference; lastKnownFileType = archive.ar; name = libopencv_xfeatures2d.a; path = ../../../../opt/homebrew/Cellar/opencv/4.7.0/lib/static/libopencv_xfeatures2d.a; sourceTree = "<group>"; };
		B78235EE29AC7F7C00AB8DA2 /* libopencv_stereo.a */ = {isa = PBXFileReference; lastKnownFileType = archive.ar; name = libopencv_stereo.a; path = ../../../../opt/homebrew/Cellar/opencv/4.7.0/lib/static/libopencv_stereo.a; sourceTree = "<group>"; };
		B78235EF29AC7F7C00AB8DA2 /* libopencv_dnn_objdetect.a */ = {isa = PBXFileReference; lastKnownFileType = archive.ar; name = libopencv_dnn_objdetect.a; path = ../../../../opt/homebrew/Cellar/opencv/4.7.0/lib/static/libopencv_dnn_objdetect.a; sourceTree = "<group>"; };
		B78235F029AC7F7C00AB8DA2 /* libopencv_alphamat.a */ = {isa = PBXFileReference; lastKnownFileType = archive.ar; name = libopencv_alphamat.a; path = ../../../../opt/homebrew/Cellar/opencv/4.7.0/lib/static/libopencv_alphamat.a; sourceTree = "<group>"; };
		B78235F129AC7F7C00AB8DA2 /* libopencv_bioinspired.a */ = {isa = PBXFileReference; lastKnownFileType = archive.ar; name = libopencv_bioinspired.a; path = ../../../../opt/homebrew/Cellar/opencv/4.7.0/lib/static/libopencv_bioinspired.a; sourceTree = "<group>"; };
		B78235F229AC7F7D00AB8DA2 /* libmultiview.a */ = {isa = PBXFileReference; lastKnownFileType = archive.ar; name = libmultiview.a; path = ../../../../opt/homebrew/Cellar/opencv/4.7.0/lib/static/libmultiview.a; sourceTree = "<group>"; };
		B78235F329AC7F7D00AB8DA2 /* libopencv_videostab.a */ = {isa = PBXFileReference; lastKnownFileType = archive.ar; name = libopencv_videostab.a; path = ../../../../opt/homebrew/Cellar/opencv/4.7.0/lib/static/libopencv_videostab.a; sourceTree = "<group>"; };
		B78235F429AC7F7D00AB8DA2 /* libopencv_imgcodecs.a */ = {isa = PBXFileReference; lastKnownFileType = archive.ar; name = libopencv_imgcodecs.a; path = ../../../../opt/homebrew/Cellar/opencv/4.7.0/lib/static/libopencv_imgcodecs.a; sourceTree = "<group>"; };
		B78235F529AC7F7D00AB8DA2 /* libopencv_mcc.a */ = {isa = PBXFileReference; lastKnownFileType = archive.ar; name = libopencv_mcc.a; path = ../../../../opt/homebrew/Cellar/opencv/4.7.0/lib/static/libopencv_mcc.a; sourceTree = "<group>"; };
		B78235F629AC7F7D00AB8DA2 /* libopencv_superres.a */ = {isa = PBXFileReference; lastKnownFileType = archive.ar; name = libopencv_superres.a; path = ../../../../opt/homebrew/Cellar/opencv/4.7.0/lib/static/libopencv_superres.a; sourceTree = "<group>"; };
		B78235F729AC7F7D00AB8DA2 /* libopencv_video.a */ = {isa = PBXFileReference; lastKnownFileType = archive.ar; name = libopencv_video.a; path = ../../../../opt/homebrew/Cellar/opencv/4.7.0/lib/static/libopencv_video.a; sourceTree = "<group>"; };
		B78235F829AC7F7E00AB8DA2 /* libopencv_shape.a */ = {isa = PBXFileReference; lastKnownFileType = archive.ar; name = libopencv_shape.a; path = ../../../../opt/homebrew/Cellar/opencv/4.7.0/lib/static/libopencv_shape.a; sourceTree = "<group>"; };
		B78235F929AC7F7E00AB8DA2 /* libopencv_videoio.a */ = {isa = PBXFileReference; lastKnownFileType = archive.ar; name = libopencv_videoio.a; path = ../../../../opt/homebrew/Cellar/opencv/4.7.0/lib/static/libopencv_videoio.a; sourceTree = "<group>"; };
		B78235FA29AC7F7E00AB8DA2 /* libopencv_calib3d.a */ = {isa = PBXFileReference; lastKnownFileType = archive.ar; name = libopencv_calib3d.a; path = ../../../../opt/homebrew/Cellar/opencv/4.7.0/lib/static/libopencv_calib3d.a; sourceTree = "<group>"; };
		B78235FB29AC7F7E00AB8DA2 /* libopencv_reg.a */ = {isa = PBXFileReference; lastKnownFileType = archive.ar; name = libopencv_reg.a; path = ../../../../opt/homebrew/Cellar/opencv/4.7.0/lib/static/libopencv_reg.a; sourceTree = "<group>"; };
		B78235FC29AC7F7F00AB8DA2 /* libopencv_imgproc.a */ = {isa = PBXFileReference; lastKnownFileType = archive.ar; name = libopencv_imgproc.a; path = ../../../../opt/homebrew/Cellar/opencv/4.7.0/lib/static/libopencv_imgproc.a; sourceTree = "<group>"; };
		B78235FD29AC7F7F00AB8DA2 /* libopencv_objdetect.a */ = {isa = PBXFileReference; lastKnownFileType = archive.ar; name = libopencv_objdetect.a; path = ../../../../opt/homebrew/Cellar/opencv/4.7.0/lib/static/libopencv_objdetect.a; sourceTree = "<group>"; };
		B78235FE29AC7F7F00AB8DA2 /* libopencv_img_hash.a */ = {isa = PBXFileReference; lastKnownFileType = archive.ar; name = libopencv_img_hash.a; path = ../../../../opt/homebrew/Cellar/opencv/4.7.0/lib/static/libopencv_img_hash.a; sourceTree = "<group>"; };
		B78235FF29AC7F7F00AB8DA2 /* libopencv_structured_light.a */ = {isa = PBXFileReference; lastKnownFileType = archive.ar; name = libopencv_structured_light.a; path = ../../../../opt/homebrew/Cellar/opencv/4.7.0/lib/static/libopencv_structured_light.a; sourceTree = "<group>"; };
		B782360029AC7F7F00AB8DA2 /* libopencv_surface_matching.a */ = {isa = PBXFileReference; lastKnownFileType = archive.ar; name = libopencv_surface_matching.a; path = ../../../../opt/homebrew/Cellar/opencv/4.7.0/lib/static/libopencv_surface_matching.a; sourceTree = "<group>"; };
		B782360129AC7F7F00AB8DA2 /* libquirc.a */ = {isa = PBXFileReference; lastKnownFileType = archive.ar; name = libquirc.a; path = ../../../../opt/homebrew/Cellar/opencv/4.7.0/lib/static/libquirc.a; sourceTree = "<group>"; };
		B782360229AC7F8000AB8DA2 /* libopencv_core.a */ = {isa = PBXFileReference; lastKnownFileType = archive.ar; name = libopencv_core.a; path = ../../../../opt/homebrew/Cellar/opencv/4.7.0/lib/static/libopencv_core.a; sourceTree = "<group>"; };
		B782360329AC7F8000AB8DA2 /* libopencv_flann.a */ = {isa = PBXFileReference; lastKnownFileType = archive.ar; name = libopencv_flann.a; path = ../../../../opt/homebrew/Cellar/opencv/4.7.0/lib/static/libopencv_flann.a; sourceTree = "<group>"; };
		B782360429AC7F8000AB8DA2 /* libopencv_barcode.a */ = {isa = PBXFileReference; lastKnownFileType = archive.ar; name = libopencv_barcode.a; path = ../../../../opt/homebrew/Cellar/opencv/4.7.0/lib/static/libopencv_barcode.a; sourceTree = "<group>"; };
		B782360529AC7F8000AB8DA2 /* libtegra_hal.a */ = {isa = PBXFileReference; lastKnownFileType = archive.ar; name = libtegra_hal.a; path = ../../../../opt/homebrew/Cellar/opencv/4.7.0/lib/static/libtegra_hal.a; sourceTree = "<group>"; };
		B782360629AC7F8000AB8DA2 /* libopencv_line_descriptor.a */ = {isa = PBXFileReference; lastKnownFileType = archive.ar; name = libopencv_line_descriptor.a; path = ../../../../opt/homebrew/Cellar/opencv/4.7.0/lib/static/libopencv_line_descriptor.a; sourceTree = "<group>"; };
		B782360729AC7F8100AB8DA2 /* libopencv_viz.a */ = {isa = PBXFileReference; lastKnownFileType = archive.ar; name = libopencv_viz.a; path = ../../../../opt/homebrew/Cellar/opencv/4.7.0/lib/static/libopencv_viz.a; sourceTree = "<group>"; };
		B782360829AC7F8100AB8DA2 /* libopencv_aruco.a */ = {isa = PBXFileReference; lastKnownFileType = archive.ar; name = libopencv_aruco.a; path = ../../../../opt/homebrew/Cellar/opencv/4.7.0/lib/static/libopencv_aruco.a; sourceTree = "<group>"; };
		B782360929AC7F8100AB8DA2 /* libopencv_hfs.a */ = {isa = PBXFileReference; lastKnownFileType = archive.ar; name = libopencv_hfs.a; path = ../../../../opt/homebrew/Cellar/opencv/4.7.0/lib/static/libopencv_hfs.a; sourceTree = "<group>"; };
		B782360A29AC7F8100AB8DA2 /* libopencv_features2d.a */ = {isa = PBXFileReference; lastKnownFileType = archive.ar; name = libopencv_features2d.a; path = ../../../../opt/homebrew/Cellar/opencv/4.7.0/lib/static/libopencv_features2d.a; sourceTree = "<group>"; };
		B782360B29AC7F8100AB8DA2 /* libopencv_quality.a */ = {isa = PBXFileReference; lastKnownFileType = archive.ar; name = libopencv_quality.a; path = ../../../../opt/homebrew/Cellar/opencv/4.7.0/lib/static/libopencv_quality.a; sourceTree = "<group>"; };
		B782360C29AC7F8100AB8DA2 /* libopencv_rgbd.a */ = {isa = PBXFileReference; lastKnownFileType = archive.ar; name = libopencv_rgbd.a; path = ../../../../opt/homebrew/Cellar/opencv/4.7.0/lib/static/libopencv_rgbd.a; sourceTree = "<group>"; };
		B782360D29AC7F8100AB8DA2 /* libopencv_sfm.a */ = {isa = PBXFileReference; lastKnownFileType = archive.ar; name = libopencv_sfm.a; path = ../../../../opt/homebrew/Cellar/opencv/4.7.0/lib/static/libopencv_sfm.a; sourceTree = "<group>"; };
		B782360E29AC7F8200AB8DA2 /* libade.a */ = {isa = PBXFileReference; lastKnownFileType = archive.ar; name = libade.a; path = ../../../../opt/homebrew/Cellar/opencv/4.7.0/lib/static/libade.a; sourceTree = "<group>"; };
		B782360F29AC7F8200AB8DA2 /* libopencv_saliency.a */ = {isa = PBXFileReference; lastKnownFileType = archive.ar; name = libopencv_saliency.a; path = ../../../../opt/homebrew/Cellar/opencv/4.7.0/lib/static/libopencv_saliency.a; sourceTree = "<group>"; };
		B782361029AC7F8200AB8DA2 /* libittnotify.a */ = {isa = PBXFileReference; lastKnownFileType = archive.ar; name = libittnotify.a; path = ../../../../opt/homebrew/Cellar/opencv/4.7.0/lib/static/libittnotify.a; sourceTree = "<group>"; };
		B79C294A29AC893500882439 /* CGImage+CVMat.swift */ = {isa = PBXFileReference; lastKnownFileType = sourcecode.swift; path = "CGImage+CVMat.swift"; sourceTree = "<group>"; };
		B79C295029AC9B0600882439 /* CGImageView.swift */ = {isa = PBXFileReference; lastKnownFileType = sourcecode.swift; path = CGImageView.swift; sourceTree = "<group>"; };
		B79C295229AC9BA100882439 /* OpenCVCameraViewModel.swift */ = {isa = PBXFileReference; lastKnownFileType = sourcecode.swift; path = OpenCVCameraViewModel.swift; sourceTree = "<group>"; };
		B7FC63E529ACA3B20056476B /* README.md */ = {isa = PBXFileReference; lastKnownFileType = net.daringfireball.markdown; path = README.md; sourceTree = "<group>"; };
		B7FC63E629ACAD190056476B /* CGImageViewModel.swift */ = {isa = PBXFileReference; lastKnownFileType = sourcecode.swift; path = CGImageViewModel.swift; sourceTree = "<group>"; };
		B7FC63E829ACB2890056476B /* Info.plist */ = {isa = PBXFileReference; lastKnownFileType = text.plist; path = Info.plist; sourceTree = "<group>"; };
		B7FC63E929ACB6050056476B /* libopencv_highgui.a */ = {isa = PBXFileReference; lastKnownFileType = archive.ar; name = libopencv_highgui.a; path = ../../../../opt/homebrew/Cellar/opencv/4.7.0/lib/libopencv_highgui.a; sourceTree = "<group>"; };
		B7FC63EB29ACB8D10056476B /* libopencv_imgproc.4.7.0.dylib */ = {isa = PBXFileReference; lastKnownFileType = "compiled.mach-o.dylib"; name = libopencv_imgproc.4.7.0.dylib; path = ../../../../opt/homebrew/Cellar/opencv/4.7.0/lib/libopencv_imgproc.4.7.0.dylib; sourceTree = "<group>"; };
		B7FC63EC29ACB8D20056476B /* libopencv_core.4.7.0.dylib */ = {isa = PBXFileReference; lastKnownFileType = "compiled.mach-o.dylib"; name = libopencv_core.4.7.0.dylib; path = ../../../../opt/homebrew/Cellar/opencv/4.7.0/lib/libopencv_core.4.7.0.dylib; sourceTree = "<group>"; };
		B7FC63ED29ACB8D20056476B /* libopencv_text.4.7.0.dylib */ = {isa = PBXFileReference; lastKnownFileType = "compiled.mach-o.dylib"; name = libopencv_text.4.7.0.dylib; path = ../../../../opt/homebrew/Cellar/opencv/4.7.0/lib/libopencv_text.4.7.0.dylib; sourceTree = "<group>"; };
		B7FC63EE29ACB8D20056476B /* libopencv_videoio.4.7.0.dylib */ = {isa = PBXFileReference; lastKnownFileType = "compiled.mach-o.dylib"; name = libopencv_videoio.4.7.0.dylib; path = ../../../../opt/homebrew/Cellar/opencv/4.7.0/lib/libopencv_videoio.4.7.0.dylib; sourceTree = "<group>"; };
		B7FC63EF29ACB8D20056476B /* libopencv_imgcodecs.4.7.0.dylib */ = {isa = PBXFileReference; lastKnownFileType = "compiled.mach-o.dylib"; name = libopencv_imgcodecs.4.7.0.dylib; path = ../../../../opt/homebrew/Cellar/opencv/4.7.0/lib/libopencv_imgcodecs.4.7.0.dylib; sourceTree = "<group>"; };
		B7FC63F029ACB8D20056476B /* libopencv_video.4.7.0.dylib */ = {isa = PBXFileReference; lastKnownFileType = "compiled.mach-o.dylib"; name = libopencv_video.4.7.0.dylib; path = ../../../../opt/homebrew/Cellar/opencv/4.7.0/lib/libopencv_video.4.7.0.dylib; sourceTree = "<group>"; };
		B7FC63FE29ACB8F20056476B /* libopencv_highgui.4.7.0.dylib */ = {isa = PBXFileReference; lastKnownFileType = "compiled.mach-o.dylib"; name = libopencv_highgui.4.7.0.dylib; path = ../../../../opt/homebrew/Cellar/opencv/4.7.0/lib/libopencv_highgui.4.7.0.dylib; sourceTree = "<group>"; };
		B7FC640829ACBF010056476B /* OpenCVWrapper.cpp */ = {isa = PBXFileReference; lastKnownFileType = sourcecode.cpp.cpp; path = OpenCVWrapper.cpp; sourceTree = "<group>"; };
		B7FC640A29ACF68C0056476B /* OpenCVMediaViewModel.swift */ = {isa = PBXFileReference; lastKnownFileType = sourcecode.swift; path = OpenCVMediaViewModel.swift; sourceTree = "<group>"; };
		B7FC640C29ADDBBF0056476B /* libc++.tbd */ = {isa = PBXFileReference; lastKnownFileType = "sourcecode.text-based-dylib-definition"; name = "libc++.tbd"; path = "Platforms/iPhoneOS.platform/Developer/SDKs/iPhoneOS16.1.sdk/usr/lib/libc++.tbd"; sourceTree = DEVELOPER_DIR; };
		B7FC640D29ADDBBF0056476B /* libc++abi.tbd */ = {isa = PBXFileReference; lastKnownFileType = "sourcecode.text-based-dylib-definition"; name = "libc++abi.tbd"; path = "Platforms/iPhoneOS.platform/Developer/SDKs/iPhoneOS16.1.sdk/usr/lib/libc++abi.tbd"; sourceTree = DEVELOPER_DIR; };
		B7FC641029ADDBD70056476B /* libc.tbd */ = {isa = PBXFileReference; lastKnownFileType = "sourcecode.text-based-dylib-definition"; name = libc.tbd; path = Platforms/iPhoneOS.platform/Developer/SDKs/iPhoneOS16.1.sdk/usr/lib/libc.tbd; sourceTree = DEVELOPER_DIR; };
		B7FC641229ADDBE50056476B /* libc++.1.tbd */ = {isa = PBXFileReference; lastKnownFileType = "sourcecode.text-based-dylib-definition"; name = "libc++.1.tbd"; path = "Platforms/iPhoneOS.platform/Developer/SDKs/iPhoneOS16.1.sdk/usr/lib/libc++.1.tbd"; sourceTree = DEVELOPER_DIR; };
/* End PBXFileReference section */

/* Begin PBXFrameworksBuildPhase section */
		B782359929AC737D00AB8DA2 /* Frameworks */ = {
			isa = PBXFrameworksBuildPhase;
			buildActionMask = 2147483647;
			files = (
				B7FC640629ACBBBC0056476B /* libopencv_highgui.a in Frameworks */,
				B7FC640229ACBBBB0056476B /* libopencv_video.a in Frameworks */,
				B7FC640E29ADDBC60056476B /* libc++.tbd in Frameworks */,
				B7FC640129ACBBBB0056476B /* libopencv_text.a in Frameworks */,
				B7FC641129ADDBDC0056476B /* libc.tbd in Frameworks */,
				B7FC640329ACBBBB0056476B /* libopencv_videoio.a in Frameworks */,
				B7FC640729ACBBBC0056476B /* libopencv_core.a in Frameworks */,
				B7FC640F29ADDBC60056476B /* libc++abi.tbd in Frameworks */,
				B7FC640429ACBBBB0056476B /* libopencv_imgcodecs.a in Frameworks */,
				B7FC640529ACBBBC0056476B /* libopencv_imgproc.a in Frameworks */,
			);
			runOnlyForDeploymentPostprocessing = 0;
		};
		B78235AA29AC737F00AB8DA2 /* Frameworks */ = {
			isa = PBXFrameworksBuildPhase;
			buildActionMask = 2147483647;
			files = (
			);
			runOnlyForDeploymentPostprocessing = 0;
		};
		B78235B429AC737F00AB8DA2 /* Frameworks */ = {
			isa = PBXFrameworksBuildPhase;
			buildActionMask = 2147483647;
			files = (
			);
			runOnlyForDeploymentPostprocessing = 0;
		};
/* End PBXFrameworksBuildPhase section */

/* Begin PBXGroup section */
		B782359329AC737D00AB8DA2 = {
			isa = PBXGroup;
			children = (
				B7FC63E529ACA3B20056476B /* README.md */,
				B78235CA29AC738700AB8DA2 /* OpenCVWrapper */,
				B782359E29AC737D00AB8DA2 /* SwiftOpenCV */,
				B78235B029AC737F00AB8DA2 /* SwiftOpenCVTests */,
				B78235BA29AC737F00AB8DA2 /* SwiftOpenCVUITests */,
				B782359D29AC737D00AB8DA2 /* Products */,
				B78235D029AC7F7700AB8DA2 /* Frameworks */,
			);
			sourceTree = "<group>";
		};
		B782359D29AC737D00AB8DA2 /* Products */ = {
			isa = PBXGroup;
			children = (
				B782359C29AC737D00AB8DA2 /* SwiftOpenCV.app */,
				B78235AD29AC737F00AB8DA2 /* SwiftOpenCVTests.xctest */,
				B78235B729AC737F00AB8DA2 /* SwiftOpenCVUITests.xctest */,
			);
			name = Products;
			sourceTree = "<group>";
		};
		B782359E29AC737D00AB8DA2 /* SwiftOpenCV */ = {
			isa = PBXGroup;
			children = (
				B7FC63E829ACB2890056476B /* Info.plist */,
				B79C294F29AC9AEA00882439 /* ViewModels */,
				B79C294E29AC9AE500882439 /* Views */,
				B79C294929AC892800882439 /* Utils */,
				B782359F29AC737D00AB8DA2 /* SwiftOpenCVApp.swift */,
				B78235A129AC737D00AB8DA2 /* ContentView.swift */,
				B78235A329AC737E00AB8DA2 /* Assets.xcassets */,
				B78235A529AC737E00AB8DA2 /* SwiftOpenCV.entitlements */,
				B78235A629AC737E00AB8DA2 /* Preview Content */,
			);
			path = SwiftOpenCV;
			sourceTree = "<group>";
		};
		B78235A629AC737E00AB8DA2 /* Preview Content */ = {
			isa = PBXGroup;
			children = (
				B78235A729AC737E00AB8DA2 /* Preview Assets.xcassets */,
			);
			path = "Preview Content";
			sourceTree = "<group>";
		};
		B78235B029AC737F00AB8DA2 /* SwiftOpenCVTests */ = {
			isa = PBXGroup;
			children = (
				B78235B129AC737F00AB8DA2 /* SwiftOpenCVTests.swift */,
			);
			path = SwiftOpenCVTests;
			sourceTree = "<group>";
		};
		B78235BA29AC737F00AB8DA2 /* SwiftOpenCVUITests */ = {
			isa = PBXGroup;
			children = (
				B78235BB29AC737F00AB8DA2 /* SwiftOpenCVUITests.swift */,
				B78235BD29AC737F00AB8DA2 /* SwiftOpenCVUITestsLaunchTests.swift */,
			);
			path = SwiftOpenCVUITests;
			sourceTree = "<group>";
		};
		B78235CA29AC738700AB8DA2 /* OpenCVWrapper */ = {
			isa = PBXGroup;
			children = (
				B7FC640829ACBF010056476B /* OpenCVWrapper.cpp */,
				B78235CD29AC73BC00AB8DA2 /* OpenCVWrapper.hpp */,
				B78235CF29AC742B00AB8DA2 /* module.modulemap */,
			);
			path = OpenCVWrapper;
			sourceTree = "<group>";
		};
		B78235D029AC7F7700AB8DA2 /* Frameworks */ = {
			isa = PBXGroup;
			children = (
				B7FC641229ADDBE50056476B /* libc++.1.tbd */,
				B7FC641029ADDBD70056476B /* libc.tbd */,
				B7FC640C29ADDBBF0056476B /* libc++.tbd */,
				B7FC640D29ADDBBF0056476B /* libc++abi.tbd */,
				B7FC63FE29ACB8F20056476B /* libopencv_highgui.4.7.0.dylib */,
				B7FC63EC29ACB8D20056476B /* libopencv_core.4.7.0.dylib */,
				B7FC63EF29ACB8D20056476B /* libopencv_imgcodecs.4.7.0.dylib */,
				B7FC63EB29ACB8D10056476B /* libopencv_imgproc.4.7.0.dylib */,
				B7FC63ED29ACB8D20056476B /* libopencv_text.4.7.0.dylib */,
				B7FC63F029ACB8D20056476B /* libopencv_video.4.7.0.dylib */,
				B7FC63EE29ACB8D20056476B /* libopencv_videoio.4.7.0.dylib */,
				B7FC63E929ACB6050056476B /* libopencv_highgui.a */,
				B782360E29AC7F8200AB8DA2 /* libade.a */,
				B78235D929AC7F7800AB8DA2 /* libcorrespondence.a */,
				B782361029AC7F8200AB8DA2 /* libittnotify.a */,
				B78235F229AC7F7D00AB8DA2 /* libmultiview.a */,
				B78235E629AC7F7A00AB8DA2 /* libnumeric.a */,
				B78235F029AC7F7C00AB8DA2 /* libopencv_alphamat.a */,
				B782360829AC7F8100AB8DA2 /* libopencv_aruco.a */,
				B782360429AC7F8000AB8DA2 /* libopencv_barcode.a */,
				B78235E429AC7F7A00AB8DA2 /* libopencv_bgsegm.a */,
				B78235F129AC7F7C00AB8DA2 /* libopencv_bioinspired.a */,
				B78235FA29AC7F7E00AB8DA2 /* libopencv_calib3d.a */,
				B78235E329AC7F7A00AB8DA2 /* libopencv_ccalib.a */,
				B782360229AC7F8000AB8DA2 /* libopencv_core.a */,
				B78235DD29AC7F7900AB8DA2 /* libopencv_datasets.a */,
				B78235EF29AC7F7C00AB8DA2 /* libopencv_dnn_objdetect.a */,
				B78235D329AC7F7700AB8DA2 /* libopencv_dnn_superres.a */,
				B78235E829AC7F7B00AB8DA2 /* libopencv_dnn.a */,
				B78235E229AC7F7A00AB8DA2 /* libopencv_dpm.a */,
				B78235D629AC7F7800AB8DA2 /* libopencv_face.a */,
				B782360A29AC7F8100AB8DA2 /* libopencv_features2d.a */,
				B782360329AC7F8000AB8DA2 /* libopencv_flann.a */,
				B78235DC29AC7F7900AB8DA2 /* libopencv_freetype.a */,
				B78235D129AC7F7700AB8DA2 /* libopencv_fuzzy.a */,
				B78235D529AC7F7800AB8DA2 /* libopencv_gapi.a */,
				B782360929AC7F8100AB8DA2 /* libopencv_hfs.a */,
				B78235D729AC7F7800AB8DA2 /* libopencv_highgui.a */,
				B78235FE29AC7F7F00AB8DA2 /* libopencv_img_hash.a */,
				B78235F429AC7F7D00AB8DA2 /* libopencv_imgcodecs.a */,
				B78235FC29AC7F7F00AB8DA2 /* libopencv_imgproc.a */,
				B78235DF29AC7F7900AB8DA2 /* libopencv_intensity_transform.a */,
				B782360629AC7F8000AB8DA2 /* libopencv_line_descriptor.a */,
				B78235F529AC7F7D00AB8DA2 /* libopencv_mcc.a */,
				B78235DE29AC7F7900AB8DA2 /* libopencv_ml.a */,
				B78235FD29AC7F7F00AB8DA2 /* libopencv_objdetect.a */,
				B78235E529AC7F7A00AB8DA2 /* libopencv_optflow.a */,
				B78235EB29AC7F7B00AB8DA2 /* libopencv_phase_unwrapping.a */,
				B78235D429AC7F7700AB8DA2 /* libopencv_photo.a */,
				B78235DA29AC7F7800AB8DA2 /* libopencv_plot.a */,
				B782360B29AC7F8100AB8DA2 /* libopencv_quality.a */,
				B78235D829AC7F7800AB8DA2 /* libopencv_rapid.a */,
				B78235FB29AC7F7E00AB8DA2 /* libopencv_reg.a */,
				B782360C29AC7F8100AB8DA2 /* libopencv_rgbd.a */,
				B782360F29AC7F8200AB8DA2 /* libopencv_saliency.a */,
				B782360D29AC7F8100AB8DA2 /* libopencv_sfm.a */,
				B78235F829AC7F7E00AB8DA2 /* libopencv_shape.a */,
				B78235EE29AC7F7C00AB8DA2 /* libopencv_stereo.a */,
				B78235E929AC7F7B00AB8DA2 /* libopencv_stitching.a */,
				B78235FF29AC7F7F00AB8DA2 /* libopencv_structured_light.a */,
				B78235F629AC7F7D00AB8DA2 /* libopencv_superres.a */,
				B782360029AC7F7F00AB8DA2 /* libopencv_surface_matching.a */,
				B78235D229AC7F7700AB8DA2 /* libopencv_text.a */,
				B78235EA29AC7F7B00AB8DA2 /* libopencv_tracking.a */,
				B78235F729AC7F7D00AB8DA2 /* libopencv_video.a */,
				B78235F929AC7F7E00AB8DA2 /* libopencv_videoio.a */,
				B78235F329AC7F7D00AB8DA2 /* libopencv_videostab.a */,
				B782360729AC7F8100AB8DA2 /* libopencv_viz.a */,
				B78235E029AC7F7900AB8DA2 /* libopencv_wechat_qrcode.a */,
				B78235ED29AC7F7C00AB8DA2 /* libopencv_xfeatures2d.a */,
				B78235E129AC7F7A00AB8DA2 /* libopencv_ximgproc.a */,
				B78235DB29AC7F7900AB8DA2 /* libopencv_xobjdetect.a */,
				B78235E729AC7F7B00AB8DA2 /* libopencv_xphoto.a */,
				B782360129AC7F7F00AB8DA2 /* libquirc.a */,
				B78235EC29AC7F7C00AB8DA2 /* libsimple_pipeline.a */,
				B782360529AC7F8000AB8DA2 /* libtegra_hal.a */,
			);
			name = Frameworks;
			sourceTree = "<group>";
		};
		B79C294929AC892800882439 /* Utils */ = {
			isa = PBXGroup;
			children = (
				B79C294A29AC893500882439 /* CGImage+CVMat.swift */,
			);
			path = Utils;
			sourceTree = "<group>";
		};
		B79C294E29AC9AE500882439 /* Views */ = {
			isa = PBXGroup;
			children = (
				B79C295029AC9B0600882439 /* CGImageView.swift */,
			);
			path = Views;
			sourceTree = "<group>";
		};
		B79C294F29AC9AEA00882439 /* ViewModels */ = {
			isa = PBXGroup;
			children = (
				B79C295229AC9BA100882439 /* OpenCVCameraViewModel.swift */,
				B7FC640A29ACF68C0056476B /* OpenCVMediaViewModel.swift */,
				B7FC63E629ACAD190056476B /* CGImageViewModel.swift */,
			);
			path = ViewModels;
			sourceTree = "<group>";
		};
/* End PBXGroup section */

/* Begin PBXNativeTarget section */
		B782359B29AC737D00AB8DA2 /* SwiftOpenCV */ = {
			isa = PBXNativeTarget;
			buildConfigurationList = B78235C129AC737F00AB8DA2 /* Build configuration list for PBXNativeTarget "SwiftOpenCV" */;
			buildPhases = (
				B782359829AC737D00AB8DA2 /* Sources */,
				B782359929AC737D00AB8DA2 /* Frameworks */,
				B782359A29AC737D00AB8DA2 /* Resources */,
			);
			buildRules = (
			);
			dependencies = (
			);
			name = SwiftOpenCV;
			productName = SwiftOpenCV;
			productReference = B782359C29AC737D00AB8DA2 /* SwiftOpenCV.app */;
			productType = "com.apple.product-type.application";
		};
		B78235AC29AC737F00AB8DA2 /* SwiftOpenCVTests */ = {
			isa = PBXNativeTarget;
			buildConfigurationList = B78235C429AC737F00AB8DA2 /* Build configuration list for PBXNativeTarget "SwiftOpenCVTests" */;
			buildPhases = (
				B78235A929AC737F00AB8DA2 /* Sources */,
				B78235AA29AC737F00AB8DA2 /* Frameworks */,
				B78235AB29AC737F00AB8DA2 /* Resources */,
			);
			buildRules = (
			);
			dependencies = (
				B78235AF29AC737F00AB8DA2 /* PBXTargetDependency */,
			);
			name = SwiftOpenCVTests;
			productName = SwiftOpenCVTests;
			productReference = B78235AD29AC737F00AB8DA2 /* SwiftOpenCVTests.xctest */;
			productType = "com.apple.product-type.bundle.unit-test";
		};
		B78235B629AC737F00AB8DA2 /* SwiftOpenCVUITests */ = {
			isa = PBXNativeTarget;
			buildConfigurationList = B78235C729AC737F00AB8DA2 /* Build configuration list for PBXNativeTarget "SwiftOpenCVUITests" */;
			buildPhases = (
				B78235B329AC737F00AB8DA2 /* Sources */,
				B78235B429AC737F00AB8DA2 /* Frameworks */,
				B78235B529AC737F00AB8DA2 /* Resources */,
			);
			buildRules = (
			);
			dependencies = (
				B78235B929AC737F00AB8DA2 /* PBXTargetDependency */,
			);
			name = SwiftOpenCVUITests;
			productName = SwiftOpenCVUITests;
			productReference = B78235B729AC737F00AB8DA2 /* SwiftOpenCVUITests.xctest */;
			productType = "com.apple.product-type.bundle.ui-testing";
		};
/* End PBXNativeTarget section */

/* Begin PBXProject section */
		B782359429AC737D00AB8DA2 /* Project object */ = {
			isa = PBXProject;
			attributes = {
				BuildIndependentTargetsInParallel = 1;
				LastSwiftUpdateCheck = 1410;
				LastUpgradeCheck = 1410;
				TargetAttributes = {
					B782359B29AC737D00AB8DA2 = {
						CreatedOnToolsVersion = 14.1;
						LastSwiftMigration = 1410;
					};
					B78235AC29AC737F00AB8DA2 = {
						CreatedOnToolsVersion = 14.1;
						TestTargetID = B782359B29AC737D00AB8DA2;
					};
					B78235B629AC737F00AB8DA2 = {
						CreatedOnToolsVersion = 14.1;
						TestTargetID = B782359B29AC737D00AB8DA2;
					};
				};
			};
			buildConfigurationList = B782359729AC737D00AB8DA2 /* Build configuration list for PBXProject "SwiftOpenCV" */;
			compatibilityVersion = "Xcode 14.0";
			developmentRegion = en;
			hasScannedForEncodings = 0;
			knownRegions = (
				en,
				Base,
			);
			mainGroup = B782359329AC737D00AB8DA2;
			productRefGroup = B782359D29AC737D00AB8DA2 /* Products */;
			projectDirPath = "";
			projectRoot = "";
			targets = (
				B782359B29AC737D00AB8DA2 /* SwiftOpenCV */,
				B78235AC29AC737F00AB8DA2 /* SwiftOpenCVTests */,
				B78235B629AC737F00AB8DA2 /* SwiftOpenCVUITests */,
			);
		};
/* End PBXProject section */

/* Begin PBXResourcesBuildPhase section */
		B782359A29AC737D00AB8DA2 /* Resources */ = {
			isa = PBXResourcesBuildPhase;
			buildActionMask = 2147483647;
			files = (
				B78235A829AC737E00AB8DA2 /* Preview Assets.xcassets in Resources */,
				B78235A429AC737E00AB8DA2 /* Assets.xcassets in Resources */,
			);
			runOnlyForDeploymentPostprocessing = 0;
		};
		B78235AB29AC737F00AB8DA2 /* Resources */ = {
			isa = PBXResourcesBuildPhase;
			buildActionMask = 2147483647;
			files = (
			);
			runOnlyForDeploymentPostprocessing = 0;
		};
		B78235B529AC737F00AB8DA2 /* Resources */ = {
			isa = PBXResourcesBuildPhase;
			buildActionMask = 2147483647;
			files = (
			);
			runOnlyForDeploymentPostprocessing = 0;
		};
/* End PBXResourcesBuildPhase section */

/* Begin PBXSourcesBuildPhase section */
		B782359829AC737D00AB8DA2 /* Sources */ = {
			isa = PBXSourcesBuildPhase;
			buildActionMask = 2147483647;
			files = (
				B7FC63E729ACAD190056476B /* CGImageViewModel.swift in Sources */,
				B7FC640929ACBF010056476B /* OpenCVWrapper.cpp in Sources */,
				B79C295129AC9B0600882439 /* CGImageView.swift in Sources */,
				B78235A229AC737D00AB8DA2 /* ContentView.swift in Sources */,
				B7FC640B29ACF68C0056476B /* OpenCVMediaViewModel.swift in Sources */,
				B79C294B29AC893500882439 /* CGImage+CVMat.swift in Sources */,
				B79C295329AC9BA100882439 /* OpenCVCameraViewModel.swift in Sources */,
				B78235A029AC737D00AB8DA2 /* SwiftOpenCVApp.swift in Sources */,
			);
			runOnlyForDeploymentPostprocessing = 0;
		};
		B78235A929AC737F00AB8DA2 /* Sources */ = {
			isa = PBXSourcesBuildPhase;
			buildActionMask = 2147483647;
			files = (
				B78235B229AC737F00AB8DA2 /* SwiftOpenCVTests.swift in Sources */,
			);
			runOnlyForDeploymentPostprocessing = 0;
		};
		B78235B329AC737F00AB8DA2 /* Sources */ = {
			isa = PBXSourcesBuildPhase;
			buildActionMask = 2147483647;
			files = (
				B78235BC29AC737F00AB8DA2 /* SwiftOpenCVUITests.swift in Sources */,
				B78235BE29AC737F00AB8DA2 /* SwiftOpenCVUITestsLaunchTests.swift in Sources */,
			);
			runOnlyForDeploymentPostprocessing = 0;
		};
/* End PBXSourcesBuildPhase section */

/* Begin PBXTargetDependency section */
		B78235AF29AC737F00AB8DA2 /* PBXTargetDependency */ = {
			isa = PBXTargetDependency;
			target = B782359B29AC737D00AB8DA2 /* SwiftOpenCV */;
			targetProxy = B78235AE29AC737F00AB8DA2 /* PBXContainerItemProxy */;
		};
		B78235B929AC737F00AB8DA2 /* PBXTargetDependency */ = {
			isa = PBXTargetDependency;
			target = B782359B29AC737D00AB8DA2 /* SwiftOpenCV */;
			targetProxy = B78235B829AC737F00AB8DA2 /* PBXContainerItemProxy */;
		};
/* End PBXTargetDependency section */

/* Begin XCBuildConfiguration section */
		B78235BF29AC737F00AB8DA2 /* Debug */ = {
			isa = XCBuildConfiguration;
			buildSettings = {
				ALWAYS_SEARCH_USER_PATHS = NO;
				CLANG_ANALYZER_NONNULL = YES;
				CLANG_ANALYZER_NUMBER_OBJECT_CONVERSION = YES_AGGRESSIVE;
				CLANG_CXX_LANGUAGE_STANDARD = "gnu++20";
				CLANG_ENABLE_MODULES = YES;
				CLANG_ENABLE_OBJC_ARC = YES;
				CLANG_ENABLE_OBJC_WEAK = YES;
				CLANG_WARN_BLOCK_CAPTURE_AUTORELEASING = YES;
				CLANG_WARN_BOOL_CONVERSION = YES;
				CLANG_WARN_COMMA = YES;
				CLANG_WARN_CONSTANT_CONVERSION = YES;
				CLANG_WARN_DEPRECATED_OBJC_IMPLEMENTATIONS = YES;
				CLANG_WARN_DIRECT_OBJC_ISA_USAGE = YES_ERROR;
				CLANG_WARN_DOCUMENTATION_COMMENTS = YES;
				CLANG_WARN_EMPTY_BODY = YES;
				CLANG_WARN_ENUM_CONVERSION = YES;
				CLANG_WARN_INFINITE_RECURSION = YES;
				CLANG_WARN_INT_CONVERSION = YES;
				CLANG_WARN_NON_LITERAL_NULL_CONVERSION = YES;
				CLANG_WARN_OBJC_IMPLICIT_RETAIN_SELF = YES;
				CLANG_WARN_OBJC_LITERAL_CONVERSION = YES;
				CLANG_WARN_OBJC_ROOT_CLASS = YES_ERROR;
				CLANG_WARN_QUOTED_INCLUDE_IN_FRAMEWORK_HEADER = YES;
				CLANG_WARN_RANGE_LOOP_ANALYSIS = YES;
				CLANG_WARN_STRICT_PROTOTYPES = YES;
				CLANG_WARN_SUSPICIOUS_MOVE = YES;
				CLANG_WARN_UNGUARDED_AVAILABILITY = YES_AGGRESSIVE;
				CLANG_WARN_UNREACHABLE_CODE = YES;
				CLANG_WARN__DUPLICATE_METHOD_MATCH = YES;
				COPY_PHASE_STRIP = NO;
				DEBUG_INFORMATION_FORMAT = dwarf;
				ENABLE_STRICT_OBJC_MSGSEND = YES;
				ENABLE_TESTABILITY = YES;
				GCC_C_LANGUAGE_STANDARD = gnu11;
				GCC_DYNAMIC_NO_PIC = NO;
				GCC_NO_COMMON_BLOCKS = YES;
				GCC_OPTIMIZATION_LEVEL = 0;
				GCC_PREPROCESSOR_DEFINITIONS = (
					"DEBUG=1",
					"$(inherited)",
				);
				GCC_WARN_64_TO_32_BIT_CONVERSION = YES;
				GCC_WARN_ABOUT_RETURN_TYPE = YES_ERROR;
				GCC_WARN_UNDECLARED_SELECTOR = YES;
				GCC_WARN_UNINITIALIZED_AUTOS = YES_AGGRESSIVE;
				GCC_WARN_UNUSED_FUNCTION = YES;
				GCC_WARN_UNUSED_VARIABLE = YES;
				MTL_ENABLE_DEBUG_INFO = INCLUDE_SOURCE;
				MTL_FAST_MATH = YES;
				ONLY_ACTIVE_ARCH = YES;
				SWIFT_ACTIVE_COMPILATION_CONDITIONS = DEBUG;
				SWIFT_OPTIMIZATION_LEVEL = "-Onone";
			};
			name = Debug;
		};
		B78235C029AC737F00AB8DA2 /* Release */ = {
			isa = XCBuildConfiguration;
			buildSettings = {
				ALWAYS_SEARCH_USER_PATHS = NO;
				CLANG_ANALYZER_NONNULL = YES;
				CLANG_ANALYZER_NUMBER_OBJECT_CONVERSION = YES_AGGRESSIVE;
				CLANG_CXX_LANGUAGE_STANDARD = "gnu++20";
				CLANG_ENABLE_MODULES = YES;
				CLANG_ENABLE_OBJC_ARC = YES;
				CLANG_ENABLE_OBJC_WEAK = YES;
				CLANG_WARN_BLOCK_CAPTURE_AUTORELEASING = YES;
				CLANG_WARN_BOOL_CONVERSION = YES;
				CLANG_WARN_COMMA = YES;
				CLANG_WARN_CONSTANT_CONVERSION = YES;
				CLANG_WARN_DEPRECATED_OBJC_IMPLEMENTATIONS = YES;
				CLANG_WARN_DIRECT_OBJC_ISA_USAGE = YES_ERROR;
				CLANG_WARN_DOCUMENTATION_COMMENTS = YES;
				CLANG_WARN_EMPTY_BODY = YES;
				CLANG_WARN_ENUM_CONVERSION = YES;
				CLANG_WARN_INFINITE_RECURSION = YES;
				CLANG_WARN_INT_CONVERSION = YES;
				CLANG_WARN_NON_LITERAL_NULL_CONVERSION = YES;
				CLANG_WARN_OBJC_IMPLICIT_RETAIN_SELF = YES;
				CLANG_WARN_OBJC_LITERAL_CONVERSION = YES;
				CLANG_WARN_OBJC_ROOT_CLASS = YES_ERROR;
				CLANG_WARN_QUOTED_INCLUDE_IN_FRAMEWORK_HEADER = YES;
				CLANG_WARN_RANGE_LOOP_ANALYSIS = YES;
				CLANG_WARN_STRICT_PROTOTYPES = YES;
				CLANG_WARN_SUSPICIOUS_MOVE = YES;
				CLANG_WARN_UNGUARDED_AVAILABILITY = YES_AGGRESSIVE;
				CLANG_WARN_UNREACHABLE_CODE = YES;
				CLANG_WARN__DUPLICATE_METHOD_MATCH = YES;
				COPY_PHASE_STRIP = NO;
				DEBUG_INFORMATION_FORMAT = "dwarf-with-dsym";
				ENABLE_NS_ASSERTIONS = NO;
				ENABLE_STRICT_OBJC_MSGSEND = YES;
				GCC_C_LANGUAGE_STANDARD = gnu11;
				GCC_NO_COMMON_BLOCKS = YES;
				GCC_WARN_64_TO_32_BIT_CONVERSION = YES;
				GCC_WARN_ABOUT_RETURN_TYPE = YES_ERROR;
				GCC_WARN_UNDECLARED_SELECTOR = YES;
				GCC_WARN_UNINITIALIZED_AUTOS = YES_AGGRESSIVE;
				GCC_WARN_UNUSED_FUNCTION = YES;
				GCC_WARN_UNUSED_VARIABLE = YES;
				MTL_ENABLE_DEBUG_INFO = NO;
				MTL_FAST_MATH = YES;
				SWIFT_COMPILATION_MODE = wholemodule;
				SWIFT_OPTIMIZATION_LEVEL = "-O";
			};
			name = Release;
		};
		B78235C229AC737F00AB8DA2 /* Debug */ = {
			isa = XCBuildConfiguration;
			buildSettings = {
				ASSETCATALOG_COMPILER_APPICON_NAME = AppIcon;
				ASSETCATALOG_COMPILER_GLOBAL_ACCENT_COLOR_NAME = AccentColor;
				CLANG_ENABLE_MODULES = YES;
				CODE_SIGN_ENTITLEMENTS = SwiftOpenCV/SwiftOpenCV.entitlements;
				CODE_SIGN_STYLE = Automatic;
				CURRENT_PROJECT_VERSION = 1;
				DEVELOPMENT_ASSET_PATHS = "\"SwiftOpenCV/Preview Content\"";
				ENABLE_PREVIEWS = YES;
				GENERATE_INFOPLIST_FILE = YES;
				HEADER_SEARCH_PATHS = /opt/homebrew/Cellar/opencv/4.7.0/include/opencv4;
				INFOPLIST_FILE = SwiftOpenCV/Info.plist;
				INFOPLIST_KEY_NSCameraUsageDescription = "This app uses camera.";
				"INFOPLIST_KEY_UIApplicationSceneManifest_Generation[sdk=iphoneos*]" = YES;
				"INFOPLIST_KEY_UIApplicationSceneManifest_Generation[sdk=iphonesimulator*]" = YES;
				"INFOPLIST_KEY_UIApplicationSupportsIndirectInputEvents[sdk=iphoneos*]" = YES;
				"INFOPLIST_KEY_UIApplicationSupportsIndirectInputEvents[sdk=iphonesimulator*]" = YES;
				"INFOPLIST_KEY_UILaunchScreen_Generation[sdk=iphoneos*]" = YES;
				"INFOPLIST_KEY_UILaunchScreen_Generation[sdk=iphonesimulator*]" = YES;
				"INFOPLIST_KEY_UIStatusBarStyle[sdk=iphoneos*]" = UIStatusBarStyleDefault;
				"INFOPLIST_KEY_UIStatusBarStyle[sdk=iphonesimulator*]" = UIStatusBarStyleDefault;
				INFOPLIST_KEY_UISupportedInterfaceOrientations_iPad = "UIInterfaceOrientationPortrait UIInterfaceOrientationPortraitUpsideDown UIInterfaceOrientationLandscapeLeft UIInterfaceOrientationLandscapeRight";
				INFOPLIST_KEY_UISupportedInterfaceOrientations_iPhone = "UIInterfaceOrientationPortrait UIInterfaceOrientationLandscapeLeft UIInterfaceOrientationLandscapeRight";
				IPHONEOS_DEPLOYMENT_TARGET = 16.1;
				LD_RUNPATH_SEARCH_PATHS = "@executable_path/Frameworks";
				"LD_RUNPATH_SEARCH_PATHS[sdk=macosx*]" = "@executable_path/../Frameworks";
				LIBRARY_SEARCH_PATHS = (
					/opt/homebrew/Cellar/opencv/4.7.0/lib,
					/opt/homebrew/Cellar/opencv/4.7.0/lib/static,
				);
				MACOSX_DEPLOYMENT_TARGET = 13.0;
				MARKETING_VERSION = 1.0;
				OTHER_SWIFT_FLAGS = "-enable-experimental-cxx-interop -I$(PROJECT_DIR)/OpenCVWrapper";
				PRODUCT_BUNDLE_IDENTIFIER = me.lizhen.SwiftOpenCV;
				PRODUCT_NAME = "$(TARGET_NAME)";
				SDKROOT = auto;
				SUPPORTED_PLATFORMS = "iphoneos iphonesimulator macosx";
				SWIFT_EMIT_LOC_STRINGS = YES;
				SWIFT_INCLUDE_PATHS = "$(PROJECT_DIR)/OpenCVWrapper";
				SWIFT_OBJC_BRIDGING_HEADER = "";
				SWIFT_OPTIMIZATION_LEVEL = "-Onone";
				SWIFT_VERSION = 5.0;
				TARGETED_DEVICE_FAMILY = "1,2";
			};
			name = Debug;
		};
		B78235C329AC737F00AB8DA2 /* Release */ = {
			isa = XCBuildConfiguration;
			buildSettings = {
				ASSETCATALOG_COMPILER_APPICON_NAME = AppIcon;
				ASSETCATALOG_COMPILER_GLOBAL_ACCENT_COLOR_NAME = AccentColor;
				CLANG_ENABLE_MODULES = YES;
				CODE_SIGN_ENTITLEMENTS = SwiftOpenCV/SwiftOpenCV.entitlements;
				CODE_SIGN_STYLE = Automatic;
				CURRENT_PROJECT_VERSION = 1;
				DEVELOPMENT_ASSET_PATHS = "\"SwiftOpenCV/Preview Content\"";
				ENABLE_PREVIEWS = YES;
				GENERATE_INFOPLIST_FILE = YES;
				HEADER_SEARCH_PATHS = /opt/homebrew/Cellar/opencv/4.7.0/include/opencv4;
				INFOPLIST_FILE = SwiftOpenCV/Info.plist;
				INFOPLIST_KEY_NSCameraUsageDescription = "This app uses camera.";
				"INFOPLIST_KEY_UIApplicationSceneManifest_Generation[sdk=iphoneos*]" = YES;
				"INFOPLIST_KEY_UIApplicationSceneManifest_Generation[sdk=iphonesimulator*]" = YES;
				"INFOPLIST_KEY_UIApplicationSupportsIndirectInputEvents[sdk=iphoneos*]" = YES;
				"INFOPLIST_KEY_UIApplicationSupportsIndirectInputEvents[sdk=iphonesimulator*]" = YES;
				"INFOPLIST_KEY_UILaunchScreen_Generation[sdk=iphoneos*]" = YES;
				"INFOPLIST_KEY_UILaunchScreen_Generation[sdk=iphonesimulator*]" = YES;
				"INFOPLIST_KEY_UIStatusBarStyle[sdk=iphoneos*]" = UIStatusBarStyleDefault;
				"INFOPLIST_KEY_UIStatusBarStyle[sdk=iphonesimulator*]" = UIStatusBarStyleDefault;
				INFOPLIST_KEY_UISupportedInterfaceOrientations_iPad = "UIInterfaceOrientationPortrait UIInterfaceOrientationPortraitUpsideDown UIInterfaceOrientationLandscapeLeft UIInterfaceOrientationLandscapeRight";
				INFOPLIST_KEY_UISupportedInterfaceOrientations_iPhone = "UIInterfaceOrientationPortrait UIInterfaceOrientationLandscapeLeft UIInterfaceOrientationLandscapeRight";
				IPHONEOS_DEPLOYMENT_TARGET = 16.1;
				LD_RUNPATH_SEARCH_PATHS = "@executable_path/Frameworks";
				"LD_RUNPATH_SEARCH_PATHS[sdk=macosx*]" = "@executable_path/../Frameworks";
				LIBRARY_SEARCH_PATHS = (
					/opt/homebrew/Cellar/opencv/4.7.0/lib,
					/opt/homebrew/Cellar/opencv/4.7.0/lib/static,
				);
				MACOSX_DEPLOYMENT_TARGET = 13.0;
				MARKETING_VERSION = 1.0;
				OTHER_SWIFT_FLAGS = "-enable-experimental-cxx-interop -I$(PROJECT_DIR)/OpenCVWrapper";
				PRODUCT_BUNDLE_IDENTIFIER = me.lizhen.SwiftOpenCV;
				PRODUCT_NAME = "$(TARGET_NAME)";
				SDKROOT = auto;
				SUPPORTED_PLATFORMS = "iphoneos iphonesimulator macosx";
				SWIFT_EMIT_LOC_STRINGS = YES;
				SWIFT_INCLUDE_PATHS = "$(PROJECT_DIR)/OpenCVWrapper";
				SWIFT_OBJC_BRIDGING_HEADER = "";
				SWIFT_VERSION = 5.0;
				TARGETED_DEVICE_FAMILY = "1,2";
			};
			name = Release;
		};
		B78235C529AC737F00AB8DA2 /* Debug */ = {
			isa = XCBuildConfiguration;
			buildSettings = {
				ALWAYS_EMBED_SWIFT_STANDARD_LIBRARIES = YES;
				BUNDLE_LOADER = "$(TEST_HOST)";
				CODE_SIGN_STYLE = Automatic;
				CURRENT_PROJECT_VERSION = 1;
				GENERATE_INFOPLIST_FILE = YES;
				IPHONEOS_DEPLOYMENT_TARGET = 16.1;
				MACOSX_DEPLOYMENT_TARGET = 13.0;
				MARKETING_VERSION = 1.0;
				PRODUCT_BUNDLE_IDENTIFIER = me.lizhen.SwiftOpenCVTests;
				PRODUCT_NAME = "$(TARGET_NAME)";
				SDKROOT = auto;
				SUPPORTED_PLATFORMS = "iphoneos iphonesimulator macosx";
				SWIFT_EMIT_LOC_STRINGS = NO;
				SWIFT_VERSION = 5.0;
				TARGETED_DEVICE_FAMILY = "1,2";
				TEST_HOST = "$(BUILT_PRODUCTS_DIR)/SwiftOpenCV.app/$(BUNDLE_EXECUTABLE_FOLDER_PATH)/SwiftOpenCV";
			};
			name = Debug;
		};
		B78235C629AC737F00AB8DA2 /* Release */ = {
			isa = XCBuildConfiguration;
			buildSettings = {
				ALWAYS_EMBED_SWIFT_STANDARD_LIBRARIES = YES;
				BUNDLE_LOADER = "$(TEST_HOST)";
				CODE_SIGN_STYLE = Automatic;
				CURRENT_PROJECT_VERSION = 1;
				GENERATE_INFOPLIST_FILE = YES;
				IPHONEOS_DEPLOYMENT_TARGET = 16.1;
				MACOSX_DEPLOYMENT_TARGET = 13.0;
				MARKETING_VERSION = 1.0;
				PRODUCT_BUNDLE_IDENTIFIER = me.lizhen.SwiftOpenCVTests;
				PRODUCT_NAME = "$(TARGET_NAME)";
				SDKROOT = auto;
				SUPPORTED_PLATFORMS = "iphoneos iphonesimulator macosx";
				SWIFT_EMIT_LOC_STRINGS = NO;
				SWIFT_VERSION = 5.0;
				TARGETED_DEVICE_FAMILY = "1,2";
				TEST_HOST = "$(BUILT_PRODUCTS_DIR)/SwiftOpenCV.app/$(BUNDLE_EXECUTABLE_FOLDER_PATH)/SwiftOpenCV";
			};
			name = Release;
		};
		B78235C829AC737F00AB8DA2 /* Debug */ = {
			isa = XCBuildConfiguration;
			buildSettings = {
				ALWAYS_EMBED_SWIFT_STANDARD_LIBRARIES = YES;
				CODE_SIGN_STYLE = Automatic;
				CURRENT_PROJECT_VERSION = 1;
				GENERATE_INFOPLIST_FILE = YES;
				IPHONEOS_DEPLOYMENT_TARGET = 16.1;
				MACOSX_DEPLOYMENT_TARGET = 13.0;
				MARKETING_VERSION = 1.0;
				PRODUCT_BUNDLE_IDENTIFIER = me.lizhen.SwiftOpenCVUITests;
				PRODUCT_NAME = "$(TARGET_NAME)";
				SDKROOT = auto;
				SUPPORTED_PLATFORMS = "iphoneos iphonesimulator macosx";
				SWIFT_EMIT_LOC_STRINGS = NO;
				SWIFT_VERSION = 5.0;
				TARGETED_DEVICE_FAMILY = "1,2";
				TEST_TARGET_NAME = SwiftOpenCV;
			};
			name = Debug;
		};
		B78235C929AC737F00AB8DA2 /* Release */ = {
			isa = XCBuildConfiguration;
			buildSettings = {
				ALWAYS_EMBED_SWIFT_STANDARD_LIBRARIES = YES;
				CODE_SIGN_STYLE = Automatic;
				CURRENT_PROJECT_VERSION = 1;
				GENERATE_INFOPLIST_FILE = YES;
				IPHONEOS_DEPLOYMENT_TARGET = 16.1;
				MACOSX_DEPLOYMENT_TARGET = 13.0;
				MARKETING_VERSION = 1.0;
				PRODUCT_BUNDLE_IDENTIFIER = me.lizhen.SwiftOpenCVUITests;
				PRODUCT_NAME = "$(TARGET_NAME)";
				SDKROOT = auto;
				SUPPORTED_PLATFORMS = "iphoneos iphonesimulator macosx";
				SWIFT_EMIT_LOC_STRINGS = NO;
				SWIFT_VERSION = 5.0;
				TARGETED_DEVICE_FAMILY = "1,2";
				TEST_TARGET_NAME = SwiftOpenCV;
			};
			name = Release;
		};
/* End XCBuildConfiguration section */

/* Begin XCConfigurationList section */
		B782359729AC737D00AB8DA2 /* Build configuration list for PBXProject "SwiftOpenCV" */ = {
			isa = XCConfigurationList;
			buildConfigurations = (
				B78235BF29AC737F00AB8DA2 /* Debug */,
				B78235C029AC737F00AB8DA2 /* Release */,
			);
			defaultConfigurationIsVisible = 0;
			defaultConfigurationName = Release;
		};
		B78235C129AC737F00AB8DA2 /* Build configuration list for PBXNativeTarget "SwiftOpenCV" */ = {
			isa = XCConfigurationList;
			buildConfigurations = (
				B78235C229AC737F00AB8DA2 /* Debug */,
				B78235C329AC737F00AB8DA2 /* Release */,
			);
			defaultConfigurationIsVisible = 0;
			defaultConfigurationName = Release;
		};
		B78235C429AC737F00AB8DA2 /* Build configuration list for PBXNativeTarget "SwiftOpenCVTests" */ = {
			isa = XCConfigurationList;
			buildConfigurations = (
				B78235C529AC737F00AB8DA2 /* Debug */,
				B78235C629AC737F00AB8DA2 /* Release */,
			);
			defaultConfigurationIsVisible = 0;
			defaultConfigurationName = Release;
		};
		B78235C729AC737F00AB8DA2 /* Build configuration list for PBXNativeTarget "SwiftOpenCVUITests" */ = {
			isa = XCConfigurationList;
			buildConfigurations = (
				B78235C829AC737F00AB8DA2 /* Debug */,
				B78235C929AC737F00AB8DA2 /* Release */,
			);
			defaultConfigurationIsVisible = 0;
			defaultConfigurationName = Release;
		};
/* End XCConfigurationList section */
	};
	rootObject = B782359429AC737D00AB8DA2 /* Project object */;
}
